
Microsoft Visual Studio Solution File, Format Version 12.00
# Visual Studio Version 17
VisualStudioVersion = 17.7.34009.444
MinimumVisualStudioVersion = 10.0.40219.1
Project("{9A19103F-16F7-4668-BE54-9A1E7A4F7556}") = "WeatherAPI", "WeatherAPI\WeatherAPI.csproj", "{3E4A575A-19B2-4318-B893-C44BF27FDE64}"
EndProject
Project("{9A19103F-16F7-4668-BE54-9A1E7A4F7556}") = "WeatherAPI.Models", "WeatherAPI.Models\WeatherAPI.Models.csproj", "{28545F1E-2397-4763-9D28-75CD12A2B54B}"
EndProject
Project("{9A19103F-16F7-4668-BE54-9A1E7A4F7556}") = "WeatherAPI.Services", "WeatherAPI.Services\WeatherAPI.Services.csproj", "{9B0FA6A9-9860-43E5-849D-D0F2C1D657BD}"
EndProject
Project("{FAE04EC0-301F-11D3-BF4B-00C04F79EFBC}") = "TestWeatherAPI", "TestWeatherAPI\TestWeatherAPI.csproj", "{F3A08AC5-C8F6-4C48-B805-1FE79B901877}"
EndProject
Global
	GlobalSection(SolutionConfigurationPlatforms) = preSolution
		Debug|Any CPU = Debug|Any CPU
		Release|Any CPU = Release|Any CPU
	EndGlobalSection
	GlobalSection(ProjectConfigurationPlatforms) = postSolution
		{3E4A575A-19B2-4318-B893-C44BF27FDE64}.Debug|Any CPU.ActiveCfg = Debug|Any CPU
		{3E4A575A-19B2-4318-B893-C44BF27FDE64}.Debug|Any CPU.Build.0 = Debug|Any CPU
		{3E4A575A-19B2-4318-B893-C44BF27FDE64}.Release|Any CPU.ActiveCfg = Release|Any CPU
		{3E4A575A-19B2-4318-B893-C44BF27FDE64}.Release|Any CPU.Build.0 = Release|Any CPU
		{28545F1E-2397-4763-9D28-75CD12A2B54B}.Debug|Any CPU.ActiveCfg = Debug|Any CPU
		{28545F1E-2397-4763-9D28-75CD12A2B54B}.Debug|Any CPU.Build.0 = Debug|Any CPU
		{28545F1E-2397-4763-9D28-75CD12A2B54B}.Release|Any CPU.ActiveCfg = Release|Any CPU
		{28545F1E-2397-4763-9D28-75CD12A2B54B}.Release|Any CPU.Build.0 = Release|Any CPU
		{9B0FA6A9-9860-43E5-849D-D0F2C1D657BD}.Debug|Any CPU.ActiveCfg = Debug|Any CPU
		{9B0FA6A9-9860-43E5-849D-D0F2C1D657BD}.Debug|Any CPU.Build.0 = Debug|Any CPU
		{9B0FA6A9-9860-43E5-849D-D0F2C1D657BD}.Release|Any CPU.ActiveCfg = Release|Any CPU
		{9B0FA6A9-9860-43E5-849D-D0F2C1D657BD}.Release|Any CPU.Build.0 = Release|Any CPU
		{F3A08AC5-C8F6-4C48-B805-1FE79B901877}.Debug|Any CPU.ActiveCfg = Debug|Any CPU
		{F3A08AC5-C8F6-4C48-B805-1FE79B901877}.Debug|Any CPU.Build.0 = Debug|Any CPU
		{F3A08AC5-C8F6-4C48-B805-1FE79B901877}.Release|Any CPU.ActiveCfg = Release|Any CPU
		{F3A08AC5-C8F6-4C48-B805-1FE79B901877}.Release|Any CPU.Build.0 = Release|Any CPU
	EndGlobalSection
	GlobalSection(SolutionProperties) = preSolution
		HideSolutionNode = FALSE
	EndGlobalSection
	GlobalSection(ExtensibilityGlobals) = postSolution
		SolutionGuid = {CCEC878E-44FB-45ED-B5DE-E95D5DB5B6F9}
	EndGlobalSection
EndGlobal
